
Microsoft Visual Studio Solution File, Format Version 12.00
# Visual Studio Version 16
VisualStudioVersion = 16.0.31624.102
MinimumVisualStudioVersion = 10.0.40219.1
Project("{FAE04EC0-301F-11D3-BF4B-00C04F79EFBC}") = "ClassWork", "Lesson_25_09_21\ClassWork.csproj", "{FB597420-EC0C-45B6-9714-E4DC6497B2A7}"
EndProject
Project("{FAE04EC0-301F-11D3-BF4B-00C04F79EFBC}") = "HomeWork", "HomeWork\HomeWork.csproj", "{07200D74-AC39-44C1-B4F4-F1F5E1EBE9C0}"
EndProject
Project("{FAE04EC0-301F-11D3-BF4B-00C04F79EFBC}") = "Lab3", "Lab3\Lab3.csproj", "{CBF6D180-BF96-4EBF-93CD-DBBDF5EE259C}"
EndProject
Global
	GlobalSection(SolutionConfigurationPlatforms) = preSolution
		Debug|Any CPU = Debug|Any CPU
		Release|Any CPU = Release|Any CPU
	EndGlobalSection
	GlobalSection(ProjectConfigurationPlatforms) = postSolution
		{FB597420-EC0C-45B6-9714-E4DC6497B2A7}.Debug|Any CPU.ActiveCfg = Debug|Any CPU
		{FB597420-EC0C-45B6-9714-E4DC6497B2A7}.Debug|Any CPU.Build.0 = Debug|Any CPU
		{FB597420-EC0C-45B6-9714-E4DC6497B2A7}.Release|Any CPU.ActiveCfg = Release|Any CPU
		{FB597420-EC0C-45B6-9714-E4DC6497B2A7}.Release|Any CPU.Build.0 = Release|Any CPU
		{07200D74-AC39-44C1-B4F4-F1F5E1EBE9C0}.Debug|Any CPU.ActiveCfg = Debug|Any CPU
		{07200D74-AC39-44C1-B4F4-F1F5E1EBE9C0}.Debug|Any CPU.Build.0 = Debug|Any CPU
		{07200D74-AC39-44C1-B4F4-F1F5E1EBE9C0}.Release|Any CPU.ActiveCfg = Release|Any CPU
		{07200D74-AC39-44C1-B4F4-F1F5E1EBE9C0}.Release|Any CPU.Build.0 = Release|Any CPU
		{CBF6D180-BF96-4EBF-93CD-DBBDF5EE259C}.Debug|Any CPU.ActiveCfg = Debug|Any CPU
		{CBF6D180-BF96-4EBF-93CD-DBBDF5EE259C}.Debug|Any CPU.Build.0 = Debug|Any CPU
		{CBF6D180-BF96-4EBF-93CD-DBBDF5EE259C}.Release|Any CPU.ActiveCfg = Release|Any CPU
		{CBF6D180-BF96-4EBF-93CD-DBBDF5EE259C}.Release|Any CPU.Build.0 = Release|Any CPU
	EndGlobalSection
	GlobalSection(SolutionProperties) = preSolution
		HideSolutionNode = FALSE
	EndGlobalSection
	GlobalSection(ExtensibilityGlobals) = postSolution
		SolutionGuid = {09389DB2-7365-4A5B-ABBB-0A2A47638A55}
	EndGlobalSection
EndGlobal
